
Microsoft Visual Studio Solution File, Format Version 12.00
# Visual Studio Version 17
VisualStudioVersion = 17.9.34723.18
MinimumVisualStudioVersion = 10.0.40219.1
Project("{8BC9CEB8-8B4A-11D0-8D11-00A0C91BC942}") = "HelloWorld", "HelloWorld.vcxproj", "{6CAC2FBF-8F98-451A-B1F2-34E4A49F995A}"
EndProject
Global
	GlobalSection(SolutionConfigurationPlatforms) = preSolution
		Debug|x64 = Debug|x64
		Debug|x86 = Debug|x86
		Release|x64 = Release|x64
		Release|x86 = Release|x86
	EndGlobalSection
	GlobalSection(ProjectConfigurationPlatforms) = postSolution
		{6CAC2FBF-8F98-451A-B1F2-34E4A49F995A}.Debug|x64.ActiveCfg = Debug|x64
		{6CAC2FBF-8F98-451A-B1F2-34E4A49F995A}.Debug|x64.Build.0 = Debug|x64
		{6CAC2FBF-8F98-451A-B1F2-34E4A49F995A}.Debug|x86.ActiveCfg = Debug|Win32
		{6CAC2FBF-8F98-451A-B1F2-34E4A49F995A}.Debug|x86.Build.0 = Debug|Win32
		{6CAC2FBF-8F98-451A-B1F2-34E4A49F995A}.Release|x64.ActiveCfg = Release|x64
		{6CAC2FBF-8F98-451A-B1F2-34E4A49F995A}.Release|x64.Build.0 = Release|x64
		{6CAC2FBF-8F98-451A-B1F2-34E4A49F995A}.Release|x86.ActiveCfg = Release|Win32
		{6CAC2FBF-8F98-451A-B1F2-34E4A49F995A}.Release|x86.Build.0 = Release|Win32
	EndGlobalSection
	GlobalSection(SolutionProperties) = preSolution
		HideSolutionNode = FALSE
	EndGlobalSection
	GlobalSection(ExtensibilityGlobals) = postSolution
		SolutionGuid = {39787B5F-8D0E-43EA-8017-F8C2C63F1234}
	EndGlobalSection
EndGlobal
