
Microsoft Visual Studio Solution File, Format Version 12.00
# Visual Studio Version 17
VisualStudioVersion = 17.9.34723.18
MinimumVisualStudioVersion = 10.0.40219.1
Project("{D954291E-2A0B-460D-934E-DC6B0785DB48}") = "SharedProject", "SharedProject.shproj", "{219CEF08-9860-4527-94EB-9E81CC33B15C}"
EndProject
Global
	GlobalSection(SolutionProperties) = preSolution
		HideSolutionNode = FALSE
	EndGlobalSection
	GlobalSection(ExtensibilityGlobals) = postSolution
		SolutionGuid = {A14F2A4C-05DF-4269-B50C-B2F6CE65D6AF}
	EndGlobalSection
	GlobalSection(SharedMSBuildProjectFiles) = preSolution
		SharedProject.projitems*{219cef08-9860-4527-94eb-9e81cc33b15c}*SharedItemsImports = 13
	EndGlobalSection
EndGlobal
