
Microsoft Visual Studio Solution File, Format Version 12.00
# Visual Studio Version 17
VisualStudioVersion = 17.9.34723.18
MinimumVisualStudioVersion = 10.0.40219.1
Project("{8BC9CEB8-8B4A-11D0-8D11-00A0C91BC942}") = "SharedObject1", "SharedObject1\SharedObject1.vcxproj", "{67D61ECC-DEE9-4E76-8197-40F6D4EFB0A0}"
EndProject
Project("{9A19103F-16F7-4668-BE54-9A1E7A4F7556}") = "AndroidLib1", "AndroidLib1\AndroidLib1.csproj", "{5E49A652-5E3B-4D81-B4F2-66ACB2E72CF9}"
EndProject
Project("{FAE04EC0-301F-11D3-BF4B-00C04F79EFBC}") = "MauiApp1", "MauiApp1\MauiApp1.csproj", "{32DE7C3B-9E7D-4797-9612-E332728C0B41}"
EndProject
Global
	GlobalSection(SolutionConfigurationPlatforms) = preSolution
		Debug|Any CPU = Debug|Any CPU
		Debug|ARM = Debug|ARM
		Debug|ARM64 = Debug|ARM64
		Debug|x64 = Debug|x64
		Debug|x86 = Debug|x86
		Release|Any CPU = Release|Any CPU
		Release|ARM = Release|ARM
		Release|ARM64 = Release|ARM64
		Release|x64 = Release|x64
		Release|x86 = Release|x86
	EndGlobalSection
	GlobalSection(ProjectConfigurationPlatforms) = postSolution
		{67D61ECC-DEE9-4E76-8197-40F6D4EFB0A0}.Debug|Any CPU.ActiveCfg = Debug|x64
		{67D61ECC-DEE9-4E76-8197-40F6D4EFB0A0}.Debug|Any CPU.Build.0 = Debug|x64
		{67D61ECC-DEE9-4E76-8197-40F6D4EFB0A0}.Debug|ARM.ActiveCfg = Debug|ARM
		{67D61ECC-DEE9-4E76-8197-40F6D4EFB0A0}.Debug|ARM.Build.0 = Debug|ARM
		{67D61ECC-DEE9-4E76-8197-40F6D4EFB0A0}.Debug|ARM64.ActiveCfg = Debug|ARM64
		{67D61ECC-DEE9-4E76-8197-40F6D4EFB0A0}.Debug|ARM64.Build.0 = Debug|ARM64
		{67D61ECC-DEE9-4E76-8197-40F6D4EFB0A0}.Debug|x64.ActiveCfg = Debug|x64
		{67D61ECC-DEE9-4E76-8197-40F6D4EFB0A0}.Debug|x64.Build.0 = Debug|x64
		{67D61ECC-DEE9-4E76-8197-40F6D4EFB0A0}.Debug|x86.ActiveCfg = Debug|x86
		{67D61ECC-DEE9-4E76-8197-40F6D4EFB0A0}.Debug|x86.Build.0 = Debug|x86
		{67D61ECC-DEE9-4E76-8197-40F6D4EFB0A0}.Release|Any CPU.ActiveCfg = Release|x64
		{67D61ECC-DEE9-4E76-8197-40F6D4EFB0A0}.Release|Any CPU.Build.0 = Release|x64
		{67D61ECC-DEE9-4E76-8197-40F6D4EFB0A0}.Release|ARM.ActiveCfg = Release|ARM
		{67D61ECC-DEE9-4E76-8197-40F6D4EFB0A0}.Release|ARM.Build.0 = Release|ARM
		{67D61ECC-DEE9-4E76-8197-40F6D4EFB0A0}.Release|ARM64.ActiveCfg = Release|ARM64
		{67D61ECC-DEE9-4E76-8197-40F6D4EFB0A0}.Release|ARM64.Build.0 = Release|ARM64
		{67D61ECC-DEE9-4E76-8197-40F6D4EFB0A0}.Release|x64.ActiveCfg = Release|x64
		{67D61ECC-DEE9-4E76-8197-40F6D4EFB0A0}.Release|x64.Build.0 = Release|x64
		{67D61ECC-DEE9-4E76-8197-40F6D4EFB0A0}.Release|x86.ActiveCfg = Release|x86
		{67D61ECC-DEE9-4E76-8197-40F6D4EFB0A0}.Release|x86.Build.0 = Release|x86
		{5E49A652-5E3B-4D81-B4F2-66ACB2E72CF9}.Debug|Any CPU.ActiveCfg = Debug|Any CPU
		{5E49A652-5E3B-4D81-B4F2-66ACB2E72CF9}.Debug|Any CPU.Build.0 = Debug|Any CPU
		{5E49A652-5E3B-4D81-B4F2-66ACB2E72CF9}.Debug|ARM.ActiveCfg = Debug|Any CPU
		{5E49A652-5E3B-4D81-B4F2-66ACB2E72CF9}.Debug|ARM.Build.0 = Debug|Any CPU
		{5E49A652-5E3B-4D81-B4F2-66ACB2E72CF9}.Debug|ARM64.ActiveCfg = Debug|Any CPU
		{5E49A652-5E3B-4D81-B4F2-66ACB2E72CF9}.Debug|ARM64.Build.0 = Debug|Any CPU
		{5E49A652-5E3B-4D81-B4F2-66ACB2E72CF9}.Debug|x64.ActiveCfg = Debug|Any CPU
		{5E49A652-5E3B-4D81-B4F2-66ACB2E72CF9}.Debug|x64.Build.0 = Debug|Any CPU
		{5E49A652-5E3B-4D81-B4F2-66ACB2E72CF9}.Debug|x86.ActiveCfg = Debug|Any CPU
		{5E49A652-5E3B-4D81-B4F2-66ACB2E72CF9}.Debug|x86.Build.0 = Debug|Any CPU
		{5E49A652-5E3B-4D81-B4F2-66ACB2E72CF9}.Release|Any CPU.ActiveCfg = Release|Any CPU
		{5E49A652-5E3B-4D81-B4F2-66ACB2E72CF9}.Release|Any CPU.Build.0 = Release|Any CPU
		{5E49A652-5E3B-4D81-B4F2-66ACB2E72CF9}.Release|ARM.ActiveCfg = Release|Any CPU
		{5E49A652-5E3B-4D81-B4F2-66ACB2E72CF9}.Release|ARM.Build.0 = Release|Any CPU
		{5E49A652-5E3B-4D81-B4F2-66ACB2E72CF9}.Release|ARM64.ActiveCfg = Release|Any CPU
		{5E49A652-5E3B-4D81-B4F2-66ACB2E72CF9}.Release|ARM64.Build.0 = Release|Any CPU
		{5E49A652-5E3B-4D81-B4F2-66ACB2E72CF9}.Release|x64.ActiveCfg = Release|Any CPU
		{5E49A652-5E3B-4D81-B4F2-66ACB2E72CF9}.Release|x64.Build.0 = Release|Any CPU
		{5E49A652-5E3B-4D81-B4F2-66ACB2E72CF9}.Release|x86.ActiveCfg = Release|Any CPU
		{5E49A652-5E3B-4D81-B4F2-66ACB2E72CF9}.Release|x86.Build.0 = Release|Any CPU
		{32DE7C3B-9E7D-4797-9612-E332728C0B41}.Debug|Any CPU.ActiveCfg = Debug|Any CPU
		{32DE7C3B-9E7D-4797-9612-E332728C0B41}.Debug|Any CPU.Build.0 = Debug|Any CPU
		{32DE7C3B-9E7D-4797-9612-E332728C0B41}.Debug|Any CPU.Deploy.0 = Debug|Any CPU
		{32DE7C3B-9E7D-4797-9612-E332728C0B41}.Debug|ARM.ActiveCfg = Debug|Any CPU
		{32DE7C3B-9E7D-4797-9612-E332728C0B41}.Debug|ARM.Build.0 = Debug|Any CPU
		{32DE7C3B-9E7D-4797-9612-E332728C0B41}.Debug|ARM.Deploy.0 = Debug|Any CPU
		{32DE7C3B-9E7D-4797-9612-E332728C0B41}.Debug|ARM64.ActiveCfg = Debug|Any CPU
		{32DE7C3B-9E7D-4797-9612-E332728C0B41}.Debug|ARM64.Build.0 = Debug|Any CPU
		{32DE7C3B-9E7D-4797-9612-E332728C0B41}.Debug|ARM64.Deploy.0 = Debug|Any CPU
		{32DE7C3B-9E7D-4797-9612-E332728C0B41}.Debug|x64.ActiveCfg = Debug|Any CPU
		{32DE7C3B-9E7D-4797-9612-E332728C0B41}.Debug|x64.Build.0 = Debug|Any CPU
		{32DE7C3B-9E7D-4797-9612-E332728C0B41}.Debug|x64.Deploy.0 = Debug|Any CPU
		{32DE7C3B-9E7D-4797-9612-E332728C0B41}.Debug|x86.ActiveCfg = Debug|Any CPU
		{32DE7C3B-9E7D-4797-9612-E332728C0B41}.Debug|x86.Build.0 = Debug|Any CPU
		{32DE7C3B-9E7D-4797-9612-E332728C0B41}.Debug|x86.Deploy.0 = Debug|Any CPU
		{32DE7C3B-9E7D-4797-9612-E332728C0B41}.Release|Any CPU.ActiveCfg = Release|Any CPU
		{32DE7C3B-9E7D-4797-9612-E332728C0B41}.Release|Any CPU.Build.0 = Release|Any CPU
		{32DE7C3B-9E7D-4797-9612-E332728C0B41}.Release|Any CPU.Deploy.0 = Release|Any CPU
		{32DE7C3B-9E7D-4797-9612-E332728C0B41}.Release|ARM.ActiveCfg = Release|Any CPU
		{32DE7C3B-9E7D-4797-9612-E332728C0B41}.Release|ARM.Build.0 = Release|Any CPU
		{32DE7C3B-9E7D-4797-9612-E332728C0B41}.Release|ARM.Deploy.0 = Release|Any CPU
		{32DE7C3B-9E7D-4797-9612-E332728C0B41}.Release|ARM64.ActiveCfg = Release|Any CPU
		{32DE7C3B-9E7D-4797-9612-E332728C0B41}.Release|ARM64.Build.0 = Release|Any CPU
		{32DE7C3B-9E7D-4797-9612-E332728C0B41}.Release|ARM64.Deploy.0 = Release|Any CPU
		{32DE7C3B-9E7D-4797-9612-E332728C0B41}.Release|x64.ActiveCfg = Release|Any CPU
		{32DE7C3B-9E7D-4797-9612-E332728C0B41}.Release|x64.Build.0 = Release|Any CPU
		{32DE7C3B-9E7D-4797-9612-E332728C0B41}.Release|x64.Deploy.0 = Release|Any CPU
		{32DE7C3B-9E7D-4797-9612-E332728C0B41}.Release|x86.ActiveCfg = Release|Any CPU
		{32DE7C3B-9E7D-4797-9612-E332728C0B41}.Release|x86.Build.0 = Release|Any CPU
		{32DE7C3B-9E7D-4797-9612-E332728C0B41}.Release|x86.Deploy.0 = Release|Any CPU
	EndGlobalSection
	GlobalSection(SolutionProperties) = preSolution
		HideSolutionNode = FALSE
	EndGlobalSection
	GlobalSection(ExtensibilityGlobals) = postSolution
		SolutionGuid = {792F28CE-3704-48CE-85CE-FD12401FB012}
	EndGlobalSection
EndGlobal
