
Microsoft Visual Studio Solution File, Format Version 12.00
# Visual Studio Version 17
VisualStudioVersion = 17.9.34723.18
MinimumVisualStudioVersion = 10.0.40219.1
Project("{FAE04EC0-301F-11D3-BF4B-00C04F79EFBC}") = "UseRef", "UseRef.csproj", "{A2645E82-FE43-49DA-B190-A0FD4CD77A7B}"
EndProject
Global
	GlobalSection(SolutionConfigurationPlatforms) = preSolution
		Debug|Any CPU = Debug|Any CPU
		Release|Any CPU = Release|Any CPU
	EndGlobalSection
	GlobalSection(ProjectConfigurationPlatforms) = postSolution
		{A2645E82-FE43-49DA-B190-A0FD4CD77A7B}.Debug|Any CPU.ActiveCfg = Debug|Any CPU
		{A2645E82-FE43-49DA-B190-A0FD4CD77A7B}.Debug|Any CPU.Build.0 = Debug|Any CPU
		{A2645E82-FE43-49DA-B190-A0FD4CD77A7B}.Release|Any CPU.ActiveCfg = Release|Any CPU
		{A2645E82-FE43-49DA-B190-A0FD4CD77A7B}.Release|Any CPU.Build.0 = Release|Any CPU
	EndGlobalSection
	GlobalSection(SolutionProperties) = preSolution
		HideSolutionNode = FALSE
	EndGlobalSection
	GlobalSection(ExtensibilityGlobals) = postSolution
		SolutionGuid = {C5FB1595-B7D4-48AC-AA72-B4A68953F082}
	EndGlobalSection
EndGlobal
