
Microsoft Visual Studio Solution File, Format Version 12.00
# Visual Studio Version 17
VisualStudioVersion = 17.9.34701.34
MinimumVisualStudioVersion = 10.0.40219.1
Project("{FAE04EC0-301F-11D3-BF4B-00C04F79EFBC}") = "AndroidLib1", "AndroidLib1\AndroidLib1.csproj", "{A2C88C22-E82A-4334-8AF9-A46E7E073763}"
EndProject
Project("{8BC9CEB8-8B4A-11D0-8D11-00A0C91BC942}") = "MyLib", "MyLib\MyLib.vcxproj", "{F629F52E-8249-4C93-9992-AEED741B0C98}"
EndProject
Project("{FAE04EC0-301F-11D3-BF4B-00C04F79EFBC}") = "MauiApp1", "MauiApp1\MauiApp1.csproj", "{1A993029-0C2A-4E70-967A-28C0AC59F5F3}"
EndProject
Global
	GlobalSection(SolutionConfigurationPlatforms) = preSolution
		Debug|Any CPU = Debug|Any CPU
		Debug|ARM = Debug|ARM
		Debug|ARM64 = Debug|ARM64
		Debug|x64 = Debug|x64
		Debug|x86 = Debug|x86
		Release|Any CPU = Release|Any CPU
		Release|ARM = Release|ARM
		Release|ARM64 = Release|ARM64
		Release|x64 = Release|x64
		Release|x86 = Release|x86
	EndGlobalSection
	GlobalSection(ProjectConfigurationPlatforms) = postSolution
		{A2C88C22-E82A-4334-8AF9-A46E7E073763}.Debug|Any CPU.ActiveCfg = Debug|Any CPU
		{A2C88C22-E82A-4334-8AF9-A46E7E073763}.Debug|Any CPU.Build.0 = Debug|Any CPU
		{A2C88C22-E82A-4334-8AF9-A46E7E073763}.Debug|ARM.ActiveCfg = Debug|Any CPU
		{A2C88C22-E82A-4334-8AF9-A46E7E073763}.Debug|ARM.Build.0 = Debug|Any CPU
		{A2C88C22-E82A-4334-8AF9-A46E7E073763}.Debug|ARM64.ActiveCfg = Debug|Any CPU
		{A2C88C22-E82A-4334-8AF9-A46E7E073763}.Debug|ARM64.Build.0 = Debug|Any CPU
		{A2C88C22-E82A-4334-8AF9-A46E7E073763}.Debug|x64.ActiveCfg = Debug|Any CPU
		{A2C88C22-E82A-4334-8AF9-A46E7E073763}.Debug|x64.Build.0 = Debug|Any CPU
		{A2C88C22-E82A-4334-8AF9-A46E7E073763}.Debug|x86.ActiveCfg = Debug|Any CPU
		{A2C88C22-E82A-4334-8AF9-A46E7E073763}.Debug|x86.Build.0 = Debug|Any CPU
		{A2C88C22-E82A-4334-8AF9-A46E7E073763}.Release|Any CPU.ActiveCfg = Release|Any CPU
		{A2C88C22-E82A-4334-8AF9-A46E7E073763}.Release|Any CPU.Build.0 = Release|Any CPU
		{A2C88C22-E82A-4334-8AF9-A46E7E073763}.Release|ARM.ActiveCfg = Release|Any CPU
		{A2C88C22-E82A-4334-8AF9-A46E7E073763}.Release|ARM.Build.0 = Release|Any CPU
		{A2C88C22-E82A-4334-8AF9-A46E7E073763}.Release|ARM64.ActiveCfg = Release|Any CPU
		{A2C88C22-E82A-4334-8AF9-A46E7E073763}.Release|ARM64.Build.0 = Release|Any CPU
		{A2C88C22-E82A-4334-8AF9-A46E7E073763}.Release|x64.ActiveCfg = Release|Any CPU
		{A2C88C22-E82A-4334-8AF9-A46E7E073763}.Release|x64.Build.0 = Release|Any CPU
		{A2C88C22-E82A-4334-8AF9-A46E7E073763}.Release|x86.ActiveCfg = Release|Any CPU
		{A2C88C22-E82A-4334-8AF9-A46E7E073763}.Release|x86.Build.0 = Release|Any CPU
		{F629F52E-8249-4C93-9992-AEED741B0C98}.Debug|Any CPU.ActiveCfg = Debug|x64
		{F629F52E-8249-4C93-9992-AEED741B0C98}.Debug|Any CPU.Build.0 = Debug|x64
		{F629F52E-8249-4C93-9992-AEED741B0C98}.Debug|ARM.ActiveCfg = Debug|ARM
		{F629F52E-8249-4C93-9992-AEED741B0C98}.Debug|ARM.Build.0 = Debug|ARM
		{F629F52E-8249-4C93-9992-AEED741B0C98}.Debug|ARM64.ActiveCfg = Debug|ARM64
		{F629F52E-8249-4C93-9992-AEED741B0C98}.Debug|ARM64.Build.0 = Debug|ARM64
		{F629F52E-8249-4C93-9992-AEED741B0C98}.Debug|x64.ActiveCfg = Debug|x64
		{F629F52E-8249-4C93-9992-AEED741B0C98}.Debug|x64.Build.0 = Debug|x64
		{F629F52E-8249-4C93-9992-AEED741B0C98}.Debug|x86.ActiveCfg = Debug|x86
		{F629F52E-8249-4C93-9992-AEED741B0C98}.Debug|x86.Build.0 = Debug|x86
		{F629F52E-8249-4C93-9992-AEED741B0C98}.Release|Any CPU.ActiveCfg = Release|x64
		{F629F52E-8249-4C93-9992-AEED741B0C98}.Release|Any CPU.Build.0 = Release|x64
		{F629F52E-8249-4C93-9992-AEED741B0C98}.Release|ARM.ActiveCfg = Release|ARM
		{F629F52E-8249-4C93-9992-AEED741B0C98}.Release|ARM.Build.0 = Release|ARM
		{F629F52E-8249-4C93-9992-AEED741B0C98}.Release|ARM64.ActiveCfg = Release|ARM64
		{F629F52E-8249-4C93-9992-AEED741B0C98}.Release|ARM64.Build.0 = Release|ARM64
		{F629F52E-8249-4C93-9992-AEED741B0C98}.Release|x64.ActiveCfg = Release|x64
		{F629F52E-8249-4C93-9992-AEED741B0C98}.Release|x64.Build.0 = Release|x64
		{F629F52E-8249-4C93-9992-AEED741B0C98}.Release|x86.ActiveCfg = Release|x86
		{F629F52E-8249-4C93-9992-AEED741B0C98}.Release|x86.Build.0 = Release|x86
		{1A993029-0C2A-4E70-967A-28C0AC59F5F3}.Debug|Any CPU.ActiveCfg = Debug|Any CPU
		{1A993029-0C2A-4E70-967A-28C0AC59F5F3}.Debug|Any CPU.Build.0 = Debug|Any CPU
		{1A993029-0C2A-4E70-967A-28C0AC59F5F3}.Debug|Any CPU.Deploy.0 = Debug|Any CPU
		{1A993029-0C2A-4E70-967A-28C0AC59F5F3}.Debug|ARM.ActiveCfg = Debug|Any CPU
		{1A993029-0C2A-4E70-967A-28C0AC59F5F3}.Debug|ARM.Build.0 = Debug|Any CPU
		{1A993029-0C2A-4E70-967A-28C0AC59F5F3}.Debug|ARM.Deploy.0 = Debug|Any CPU
		{1A993029-0C2A-4E70-967A-28C0AC59F5F3}.Debug|ARM64.ActiveCfg = Debug|Any CPU
		{1A993029-0C2A-4E70-967A-28C0AC59F5F3}.Debug|ARM64.Build.0 = Debug|Any CPU
		{1A993029-0C2A-4E70-967A-28C0AC59F5F3}.Debug|ARM64.Deploy.0 = Debug|Any CPU
		{1A993029-0C2A-4E70-967A-28C0AC59F5F3}.Debug|x64.ActiveCfg = Debug|Any CPU
		{1A993029-0C2A-4E70-967A-28C0AC59F5F3}.Debug|x64.Build.0 = Debug|Any CPU
		{1A993029-0C2A-4E70-967A-28C0AC59F5F3}.Debug|x64.Deploy.0 = Debug|Any CPU
		{1A993029-0C2A-4E70-967A-28C0AC59F5F3}.Debug|x86.ActiveCfg = Debug|Any CPU
		{1A993029-0C2A-4E70-967A-28C0AC59F5F3}.Debug|x86.Build.0 = Debug|Any CPU
		{1A993029-0C2A-4E70-967A-28C0AC59F5F3}.Debug|x86.Deploy.0 = Debug|Any CPU
		{1A993029-0C2A-4E70-967A-28C0AC59F5F3}.Release|Any CPU.ActiveCfg = Release|Any CPU
		{1A993029-0C2A-4E70-967A-28C0AC59F5F3}.Release|Any CPU.Build.0 = Release|Any CPU
		{1A993029-0C2A-4E70-967A-28C0AC59F5F3}.Release|Any CPU.Deploy.0 = Release|Any CPU
		{1A993029-0C2A-4E70-967A-28C0AC59F5F3}.Release|ARM.ActiveCfg = Release|Any CPU
		{1A993029-0C2A-4E70-967A-28C0AC59F5F3}.Release|ARM.Build.0 = Release|Any CPU
		{1A993029-0C2A-4E70-967A-28C0AC59F5F3}.Release|ARM.Deploy.0 = Release|Any CPU
		{1A993029-0C2A-4E70-967A-28C0AC59F5F3}.Release|ARM64.ActiveCfg = Release|Any CPU
		{1A993029-0C2A-4E70-967A-28C0AC59F5F3}.Release|ARM64.Build.0 = Release|Any CPU
		{1A993029-0C2A-4E70-967A-28C0AC59F5F3}.Release|ARM64.Deploy.0 = Release|Any CPU
		{1A993029-0C2A-4E70-967A-28C0AC59F5F3}.Release|x64.ActiveCfg = Release|Any CPU
		{1A993029-0C2A-4E70-967A-28C0AC59F5F3}.Release|x64.Build.0 = Release|Any CPU
		{1A993029-0C2A-4E70-967A-28C0AC59F5F3}.Release|x64.Deploy.0 = Release|Any CPU
		{1A993029-0C2A-4E70-967A-28C0AC59F5F3}.Release|x86.ActiveCfg = Release|Any CPU
		{1A993029-0C2A-4E70-967A-28C0AC59F5F3}.Release|x86.Build.0 = Release|Any CPU
		{1A993029-0C2A-4E70-967A-28C0AC59F5F3}.Release|x86.Deploy.0 = Release|Any CPU
	EndGlobalSection
	GlobalSection(SolutionProperties) = preSolution
		HideSolutionNode = FALSE
	EndGlobalSection
	GlobalSection(ExtensibilityGlobals) = postSolution
		SolutionGuid = {F6017C2E-B618-4EF6-808D-C20B3CF228EA}
	EndGlobalSection
EndGlobal
